// !$*UTF8*$!
{
	archiveVersion = 1;
	classes = {
	};
	objectVersion = 51;
	objects = {

/* Begin PBXBuildFile section */
		BB96F15425EE7A4C00DBC364 /* AppDelegate.swift in Sources */ = {isa = PBXBuildFile; fileRef = BB96F15325EE7A4C00DBC364 /* AppDelegate.swift */; };
		BB96F15625EE7A4C00DBC364 /* SceneDelegate.swift in Sources */ = {isa = PBXBuildFile; fileRef = BB96F15525EE7A4C00DBC364 /* SceneDelegate.swift */; };
		BB96F15825EE7A4C00DBC364 /* ViewController.swift in Sources */ = {isa = PBXBuildFile; fileRef = BB96F15725EE7A4C00DBC364 /* ViewController.swift */; };
		BB96F15B25EE7A4C00DBC364 /* Main.storyboard in Resources */ = {isa = PBXBuildFile; fileRef = BB96F15925EE7A4C00DBC364 /* Main.storyboard */; };
		BB96F15D25EE7A4C00DBC364 /* Assets.xcassets in Resources */ = {isa = PBXBuildFile; fileRef = BB96F15C25EE7A4C00DBC364 /* Assets.xcassets */; };
		BB96F16025EE7A4C00DBC364 /* LaunchScreen.storyboard in Resources */ = {isa = PBXBuildFile; fileRef = BB96F15E25EE7A4C00DBC364 /* LaunchScreen.storyboard */; };
		BBDB125C25EFCB8F004F26C6 /* MenuViewController.swift in Sources */ = {isa = PBXBuildFile; fileRef = BBDB125B25EFCB8F004F26C6 /* MenuViewController.swift */; };
		BBDB127725EFE51F004F26C6 /* TabBarController.swift in Sources */ = {isa = PBXBuildFile; fileRef = BBDB127625EFE51F004F26C6 /* TabBarController.swift */; };
		BBDB128125EFF9BA004F26C6 /* NewsViewController.swift in Sources */ = {isa = PBXBuildFile; fileRef = BBDB128025EFF9BA004F26C6 /* NewsViewController.swift */; };
		BBDB128525EFFFFC004F26C6 /* articles.swift in Sources */ = {isa = PBXBuildFile; fileRef = BBDB128425EFFFFC004F26C6 /* articles.swift */; };
		F5E98BB077B1338A0B837A47 /* libPods-OpenAPI.a in Frameworks */ = {isa = PBXBuildFile; fileRef = 28D5C5FD17B520EBAEB5AD1C /* libPods-OpenAPI.a */; };
/* End PBXBuildFile section */

/* Begin PBXFileReference section */
		0C5D2C9701A6883BDD8F61D2 /* Pods-OpenAPI.debug.xcconfig */ = {isa = PBXFileReference; includeInIndex = 1; lastKnownFileType = text.xcconfig; name = "Pods-OpenAPI.debug.xcconfig"; path = "Target Support Files/Pods-OpenAPI/Pods-OpenAPI.debug.xcconfig"; sourceTree = "<group>"; };
		28D5C5FD17B520EBAEB5AD1C /* libPods-OpenAPI.a */ = {isa = PBXFileReference; explicitFileType = archive.ar; includeInIndex = 0; path = "libPods-OpenAPI.a"; sourceTree = BUILT_PRODUCTS_DIR; };
		4FD9372E28006270E66E9AA5 /* Pods-OpenAPI.release.xcconfig */ = {isa = PBXFileReference; includeInIndex = 1; lastKnownFileType = text.xcconfig; name = "Pods-OpenAPI.release.xcconfig"; path = "Target Support Files/Pods-OpenAPI/Pods-OpenAPI.release.xcconfig"; sourceTree = "<group>"; };
		BB96F15025EE7A4C00DBC364 /* OpenAPI.app */ = {isa = PBXFileReference; explicitFileType = wrapper.application; includeInIndex = 0; path = OpenAPI.app; sourceTree = BUILT_PRODUCTS_DIR; };
		BB96F15325EE7A4C00DBC364 /* AppDelegate.swift */ = {isa = PBXFileReference; lastKnownFileType = sourcecode.swift; path = AppDelegate.swift; sourceTree = "<group>"; };
		BB96F15525EE7A4C00DBC364 /* SceneDelegate.swift */ = {isa = PBXFileReference; lastKnownFileType = sourcecode.swift; path = SceneDelegate.swift; sourceTree = "<group>"; };
		BB96F15725EE7A4C00DBC364 /* ViewController.swift */ = {isa = PBXFileReference; lastKnownFileType = sourcecode.swift; path = ViewController.swift; sourceTree = "<group>"; };
		BB96F15A25EE7A4C00DBC364 /* Base */ = {isa = PBXFileReference; lastKnownFileType = file.storyboard; name = Base; path = Base.lproj/Main.storyboard; sourceTree = "<group>"; };
		BB96F15C25EE7A4C00DBC364 /* Assets.xcassets */ = {isa = PBXFileReference; lastKnownFileType = folder.assetcatalog; path = Assets.xcassets; sourceTree = "<group>"; };
		BB96F15F25EE7A4C00DBC364 /* Base */ = {isa = PBXFileReference; lastKnownFileType = file.storyboard; name = Base; path = Base.lproj/LaunchScreen.storyboard; sourceTree = "<group>"; };
		BB96F16125EE7A4C00DBC364 /* Info.plist */ = {isa = PBXFileReference; lastKnownFileType = text.plist.xml; path = Info.plist; sourceTree = "<group>"; };
		BBDB125B25EFCB8F004F26C6 /* MenuViewController.swift */ = {isa = PBXFileReference; lastKnownFileType = sourcecode.swift; path = MenuViewController.swift; sourceTree = "<group>"; };
		BBDB127625EFE51F004F26C6 /* TabBarController.swift */ = {isa = PBXFileReference; lastKnownFileType = sourcecode.swift; path = TabBarController.swift; sourceTree = "<group>"; };
		BBDB128025EFF9BA004F26C6 /* NewsViewController.swift */ = {isa = PBXFileReference; lastKnownFileType = sourcecode.swift; path = NewsViewController.swift; sourceTree = "<group>"; };
		BBDB128425EFFFFC004F26C6 /* articles.swift */ = {isa = PBXFileReference; lastKnownFileType = sourcecode.swift; path = articles.swift; sourceTree = "<group>"; };
/* End PBXFileReference section */

/* Begin PBXFrameworksBuildPhase section */
		BB96F14D25EE7A4C00DBC364 /* Frameworks */ = {
			isa = PBXFrameworksBuildPhase;
			buildActionMask = 2147483647;
			files = (
				F5E98BB077B1338A0B837A47 /* libPods-OpenAPI.a in Frameworks */,
			);
			runOnlyForDeploymentPostprocessing = 0;
		};
/* End PBXFrameworksBuildPhase section */

/* Begin PBXGroup section */
		2016A9C0F115B23AAA583502 /* Pods */ = {
			isa = PBXGroup;
			children = (
				0C5D2C9701A6883BDD8F61D2 /* Pods-OpenAPI.debug.xcconfig */,
				4FD9372E28006270E66E9AA5 /* Pods-OpenAPI.release.xcconfig */,
			);
			path = Pods;
			sourceTree = "<group>";
		};
		BB96F14725EE7A4C00DBC364 = {
			isa = PBXGroup;
			children = (
				BB96F15225EE7A4C00DBC364 /* OpenAPI */,
				BB96F15125EE7A4C00DBC364 /* Products */,
				2016A9C0F115B23AAA583502 /* Pods */,
				C4FE3AC158D68BDEFA4715BF /* Frameworks */,
			);
			sourceTree = "<group>";
		};
		BB96F15125EE7A4C00DBC364 /* Products */ = {
			isa = PBXGroup;
			children = (
				BB96F15025EE7A4C00DBC364 /* OpenAPI.app */,
			);
			name = Products;
			sourceTree = "<group>";
		};
		BB96F15225EE7A4C00DBC364 /* OpenAPI */ = {
			isa = PBXGroup;
			children = (
				BB96F15C25EE7A4C00DBC364 /* Assets.xcassets */,
				BB96F15725EE7A4C00DBC364 /* ViewController.swift */,
				BBDB125B25EFCB8F004F26C6 /* MenuViewController.swift */,
				BB96F16125EE7A4C00DBC364 /* Info.plist */,
				BBDB128025EFF9BA004F26C6 /* NewsViewController.swift */,
				BBDB127625EFE51F004F26C6 /* TabBarController.swift */,
				BBDB128825F00002004F26C6 /* model */,
				BBDB126725EFCC93004F26C6 /* resources */,
				BBDB125E25EFCB95004F26C6 /* storyboards */,
			);
			path = OpenAPI;
			sourceTree = "<group>";
		};
		BBDB125E25EFCB95004F26C6 /* storyboards */ = {
			isa = PBXGroup;
			children = (
				BB96F15925EE7A4C00DBC364 /* Main.storyboard */,
				BB96F15E25EE7A4C00DBC364 /* LaunchScreen.storyboard */,
			);
			name = storyboards;
			sourceTree = "<group>";
		};
		BBDB126725EFCC93004F26C6 /* resources */ = {
			isa = PBXGroup;
			children = (
				BB96F15325EE7A4C00DBC364 /* AppDelegate.swift */,
				BB96F15525EE7A4C00DBC364 /* SceneDelegate.swift */,
			);
			path = resources;
			sourceTree = "<group>";
		};
		BBDB128825F00002004F26C6 /* model */ = {
			isa = PBXGroup;
			children = (
				BBDB128425EFFFFC004F26C6 /* articles.swift */,
			);
			name = model;
			sourceTree = "<group>";
		};
		C4FE3AC158D68BDEFA4715BF /* Frameworks */ = {
			isa = PBXGroup;
			children = (
				28D5C5FD17B520EBAEB5AD1C /* libPods-OpenAPI.a */,
			);
			name = Frameworks;
			sourceTree = "<group>";
		};
/* End PBXGroup section */

/* Begin PBXNativeTarget section */
		BB96F14F25EE7A4C00DBC364 /* OpenAPI */ = {
			isa = PBXNativeTarget;
			buildConfigurationList = BB96F16425EE7A4C00DBC364 /* Build configuration list for PBXNativeTarget "OpenAPI" */;
			buildPhases = (
				0791EE96CA55DB88C31FCC91 /* [CP] Check Pods Manifest.lock */,
				BB96F14C25EE7A4C00DBC364 /* Sources */,
				BB96F14D25EE7A4C00DBC364 /* Frameworks */,
				BB96F14E25EE7A4C00DBC364 /* Resources */,
				768A21E683B0668284E4910C /* [CP] Copy Pods Resources */,
			);
			buildRules = (
			);
			dependencies = (
			);
			name = OpenAPI;
			productName = OpenAPI;
			productReference = BB96F15025EE7A4C00DBC364 /* OpenAPI.app */;
			productType = "com.apple.product-type.application";
		};
/* End PBXNativeTarget section */

/* Begin PBXProject section */
		BB96F14825EE7A4C00DBC364 /* Project object */ = {
			isa = PBXProject;
			attributes = {
				LastSwiftUpdateCheck = 1230;
				LastUpgradeCheck = 1230;
				TargetAttributes = {
					BB96F14F25EE7A4C00DBC364 = {
						CreatedOnToolsVersion = 12.3;
					};
				};
			};
			buildConfigurationList = BB96F14B25EE7A4C00DBC364 /* Build configuration list for PBXProject "OpenAPI" */;
			compatibilityVersion = "Xcode 9.3";
			developmentRegion = en;
			hasScannedForEncodings = 0;
			knownRegions = (
				en,
				Base,
			);
			mainGroup = BB96F14725EE7A4C00DBC364;
			productRefGroup = BB96F15125EE7A4C00DBC364 /* Products */;
			projectDirPath = "";
			projectRoot = "";
			targets = (
				BB96F14F25EE7A4C00DBC364 /* OpenAPI */,
			);
		};
/* End PBXProject section */

/* Begin PBXResourcesBuildPhase section */
		BB96F14E25EE7A4C00DBC364 /* Resources */ = {
			isa = PBXResourcesBuildPhase;
			buildActionMask = 2147483647;
			files = (
				BB96F16025EE7A4C00DBC364 /* LaunchScreen.storyboard in Resources */,
				BB96F15D25EE7A4C00DBC364 /* Assets.xcassets in Resources */,
				BB96F15B25EE7A4C00DBC364 /* Main.storyboard in Resources */,
			);
			runOnlyForDeploymentPostprocessing = 0;
		};
/* End PBXResourcesBuildPhase section */

/* Begin PBXShellScriptBuildPhase section */
		0791EE96CA55DB88C31FCC91 /* [CP] Check Pods Manifest.lock */ = {
			isa = PBXShellScriptBuildPhase;
			buildActionMask = 2147483647;
			files = (
			);
			inputFileListPaths = (
			);
			inputPaths = (
				"${PODS_PODFILE_DIR_PATH}/Podfile.lock",
				"${PODS_ROOT}/Manifest.lock",
			);
			name = "[CP] Check Pods Manifest.lock";
			outputFileListPaths = (
			);
			outputPaths = (
				"$(DERIVED_FILE_DIR)/Pods-OpenAPI-checkManifestLockResult.txt",
			);
			runOnlyForDeploymentPostprocessing = 0;
			shellPath = /bin/sh;
			shellScript = "diff \"${PODS_PODFILE_DIR_PATH}/Podfile.lock\" \"${PODS_ROOT}/Manifest.lock\" > /dev/null\nif [ $? != 0 ] ; then\n    # print error to STDERR\n    echo \"error: The sandbox is not in sync with the Podfile.lock. Run 'pod install' or update your CocoaPods installation.\" >&2\n    exit 1\nfi\n# This output is used by Xcode 'outputs' to avoid re-running this script phase.\necho \"SUCCESS\" > \"${SCRIPT_OUTPUT_FILE_0}\"\n";
			showEnvVarsInLog = 0;
		};
		768A21E683B0668284E4910C /* [CP] Copy Pods Resources */ = {
			isa = PBXShellScriptBuildPhase;
			buildActionMask = 2147483647;
			files = (
			);
			inputFileListPaths = (
				"${PODS_ROOT}/Target Support Files/Pods-OpenAPI/Pods-OpenAPI-resources-${CONFIGURATION}-input-files.xcfilelist",
			);
			name = "[CP] Copy Pods Resources";
			outputFileListPaths = (
				"${PODS_ROOT}/Target Support Files/Pods-OpenAPI/Pods-OpenAPI-resources-${CONFIGURATION}-output-files.xcfilelist",
			);
			runOnlyForDeploymentPostprocessing = 0;
			shellPath = /bin/sh;
			shellScript = "\"${PODS_ROOT}/Target Support Files/Pods-OpenAPI/Pods-OpenAPI-resources.sh\"\n";
			showEnvVarsInLog = 0;
		};
/* End PBXShellScriptBuildPhase section */

/* Begin PBXSourcesBuildPhase section */
		BB96F14C25EE7A4C00DBC364 /* Sources */ = {
			isa = PBXSourcesBuildPhase;
			buildActionMask = 2147483647;
			files = (
				BB96F15825EE7A4C00DBC364 /* ViewController.swift in Sources */,
				BBDB128525EFFFFC004F26C6 /* articles.swift in Sources */,
				BB96F15425EE7A4C00DBC364 /* AppDelegate.swift in Sources */,
				BB96F15625EE7A4C00DBC364 /* SceneDelegate.swift in Sources */,
				BBDB128125EFF9BA004F26C6 /* NewsViewController.swift in Sources */,
				BBDB127725EFE51F004F26C6 /* TabBarController.swift in Sources */,
				BBDB125C25EFCB8F004F26C6 /* MenuViewController.swift in Sources */,
			);
			runOnlyForDeploymentPostprocessing = 0;
		};
/* End PBXSourcesBuildPhase section */

/* Begin PBXVariantGroup section */
		BB96F15925EE7A4C00DBC364 /* Main.storyboard */ = {
			isa = PBXVariantGroup;
			children = (
				BB96F15A25EE7A4C00DBC364 /* Base */,
			);
			name = Main.storyboard;
			sourceTree = "<group>";
		};
		BB96F15E25EE7A4C00DBC364 /* LaunchScreen.storyboard */ = {
			isa = PBXVariantGroup;
			children = (
				BB96F15F25EE7A4C00DBC364 /* Base */,
			);
			name = LaunchScreen.storyboard;
			sourceTree = "<group>";
		};
/* End PBXVariantGroup section */

/* Begin XCBuildConfiguration section */
		BB96F16225EE7A4C00DBC364 /* Debug */ = {
			isa = XCBuildConfiguration;
			buildSettings = {
				ALWAYS_SEARCH_USER_PATHS = NO;
				CLANG_ANALYZER_NONNULL = YES;
				CLANG_ANALYZER_NUMBER_OBJECT_CONVERSION = YES_AGGRESSIVE;
				CLANG_CXX_LANGUAGE_STANDARD = "gnu++14";
				CLANG_CXX_LIBRARY = "libc++";
				CLANG_ENABLE_MODULES = YES;
				CLANG_ENABLE_OBJC_ARC = YES;
				CLANG_ENABLE_OBJC_WEAK = YES;
				CLANG_WARN_BLOCK_CAPTURE_AUTORELEASING = YES;
				CLANG_WARN_BOOL_CONVERSION = YES;
				CLANG_WARN_COMMA = YES;
				CLANG_WARN_CONSTANT_CONVERSION = YES;
				CLANG_WARN_DEPRECATED_OBJC_IMPLEMENTATIONS = YES;
				CLANG_WARN_DIRECT_OBJC_ISA_USAGE = YES_ERROR;
				CLANG_WARN_DOCUMENTATION_COMMENTS = YES;
				CLANG_WARN_EMPTY_BODY = YES;
				CLANG_WARN_ENUM_CONVERSION = YES;
				CLANG_WARN_INFINITE_RECURSION = YES;
				CLANG_WARN_INT_CONVERSION = YES;
				CLANG_WARN_NON_LITERAL_NULL_CONVERSION = YES;
				CLANG_WARN_OBJC_IMPLICIT_RETAIN_SELF = YES;
				CLANG_WARN_OBJC_LITERAL_CONVERSION = YES;
				CLANG_WARN_OBJC_ROOT_CLASS = YES_ERROR;
				CLANG_WARN_QUOTED_INCLUDE_IN_FRAMEWORK_HEADER = YES;
				CLANG_WARN_RANGE_LOOP_ANALYSIS = YES;
				CLANG_WARN_STRICT_PROTOTYPES = YES;
				CLANG_WARN_SUSPICIOUS_MOVE = YES;
				CLANG_WARN_UNGUARDED_AVAILABILITY = YES_AGGRESSIVE;
				CLANG_WARN_UNREACHABLE_CODE = YES;
				CLANG_WARN__DUPLICATE_METHOD_MATCH = YES;
				COPY_PHASE_STRIP = NO;
				DEBUG_INFORMATION_FORMAT = dwarf;
				ENABLE_STRICT_OBJC_MSGSEND = YES;
				ENABLE_TESTABILITY = YES;
				GCC_C_LANGUAGE_STANDARD = gnu11;
				GCC_DYNAMIC_NO_PIC = NO;
				GCC_NO_COMMON_BLOCKS = YES;
				GCC_OPTIMIZATION_LEVEL = 0;
				GCC_PREPROCESSOR_DEFINITIONS = (
					"DEBUG=1",
					"$(inherited)",
				);
				GCC_WARN_64_TO_32_BIT_CONVERSION = YES;
				GCC_WARN_ABOUT_RETURN_TYPE = YES_ERROR;
				GCC_WARN_UNDECLARED_SELECTOR = YES;
				GCC_WARN_UNINITIALIZED_AUTOS = YES_AGGRESSIVE;
				GCC_WARN_UNUSED_FUNCTION = YES;
				GCC_WARN_UNUSED_VARIABLE = YES;
				IPHONEOS_DEPLOYMENT_TARGET = 14.3;
				MTL_ENABLE_DEBUG_INFO = INCLUDE_SOURCE;
				MTL_FAST_MATH = YES;
				ONLY_ACTIVE_ARCH = YES;
				SDKROOT = iphoneos;
				SWIFT_ACTIVE_COMPILATION_CONDITIONS = DEBUG;
				SWIFT_OPTIMIZATION_LEVEL = "-Onone";
			};
			name = Debug;
		};
		BB96F16325EE7A4C00DBC364 /* Release */ = {
			isa = XCBuildConfiguration;
			buildSettings = {
				ALWAYS_SEARCH_USER_PATHS = NO;
				CLANG_ANALYZER_NONNULL = YES;
				CLANG_ANALYZER_NUMBER_OBJECT_CONVERSION = YES_AGGRESSIVE;
				CLANG_CXX_LANGUAGE_STANDARD = "gnu++14";
				CLANG_CXX_LIBRARY = "libc++";
				CLANG_ENABLE_MODULES = YES;
				CLANG_ENABLE_OBJC_ARC = YES;
				CLANG_ENABLE_OBJC_WEAK = YES;
				CLANG_WARN_BLOCK_CAPTURE_AUTORELEASING = YES;
				CLANG_WARN_BOOL_CONVERSION = YES;
				CLANG_WARN_COMMA = YES;
				CLANG_WARN_CONSTANT_CONVERSION = YES;
				CLANG_WARN_DEPRECATED_OBJC_IMPLEMENTATIONS = YES;
				CLANG_WARN_DIRECT_OBJC_ISA_USAGE = YES_ERROR;
				CLANG_WARN_DOCUMENTATION_COMMENTS = YES;
				CLANG_WARN_EMPTY_BODY = YES;
				CLANG_WARN_ENUM_CONVERSION = YES;
				CLANG_WARN_INFINITE_RECURSION = YES;
				CLANG_WARN_INT_CONVERSION = YES;
				CLANG_WARN_NON_LITERAL_NULL_CONVERSION = YES;
				CLANG_WARN_OBJC_IMPLICIT_RETAIN_SELF = YES;
				CLANG_WARN_OBJC_LITERAL_CONVERSION = YES;
				CLANG_WARN_OBJC_ROOT_CLASS = YES_ERROR;
				CLANG_WARN_QUOTED_INCLUDE_IN_FRAMEWORK_HEADER = YES;
				CLANG_WARN_RANGE_LOOP_ANALYSIS = YES;
				CLANG_WARN_STRICT_PROTOTYPES = YES;
				CLANG_WARN_SUSPICIOUS_MOVE = YES;
				CLANG_WARN_UNGUARDED_AVAILABILITY = YES_AGGRESSIVE;
				CLANG_WARN_UNREACHABLE_CODE = YES;
				CLANG_WARN__DUPLICATE_METHOD_MATCH = YES;
				COPY_PHASE_STRIP = NO;
				DEBUG_INFORMATION_FORMAT = "dwarf-with-dsym";
				ENABLE_NS_ASSERTIONS = NO;
				ENABLE_STRICT_OBJC_MSGSEND = YES;
				GCC_C_LANGUAGE_STANDARD = gnu11;
				GCC_NO_COMMON_BLOCKS = YES;
				GCC_WARN_64_TO_32_BIT_CONVERSION = YES;
				GCC_WARN_ABOUT_RETURN_TYPE = YES_ERROR;
				GCC_WARN_UNDECLARED_SELECTOR = YES;
				GCC_WARN_UNINITIALIZED_AUTOS = YES_AGGRESSIVE;
				GCC_WARN_UNUSED_FUNCTION = YES;
				GCC_WARN_UNUSED_VARIABLE = YES;
				IPHONEOS_DEPLOYMENT_TARGET = 14.3;
				MTL_ENABLE_DEBUG_INFO = NO;
				MTL_FAST_MATH = YES;
				SDKROOT = iphoneos;
				SWIFT_COMPILATION_MODE = wholemodule;
				SWIFT_OPTIMIZATION_LEVEL = "-O";
				VALIDATE_PRODUCT = YES;
			};
			name = Release;
		};
		BB96F16525EE7A4C00DBC364 /* Debug */ = {
			isa = XCBuildConfiguration;
			baseConfigurationReference = 0C5D2C9701A6883BDD8F61D2 /* Pods-OpenAPI.debug.xcconfig */;
			buildSettings = {
				ASSETCATALOG_COMPILER_APPICON_NAME = AppIcon;
				ASSETCATALOG_COMPILER_GLOBAL_ACCENT_COLOR_NAME = AccentColor;
				CODE_SIGN_STYLE = Automatic;
				DEVELOPMENT_TEAM = UJW8376355;
				INFOPLIST_FILE = OpenAPI/Info.plist;
				LD_RUNPATH_SEARCH_PATHS = (
					"$(inherited)",
					"@executable_path/Frameworks",
				);
				PRODUCT_BUNDLE_IDENTIFIER = kr.stanford.personal.project.by.meng.OpenAPI;
				PRODUCT_NAME = "$(TARGET_NAME)";
				SWIFT_VERSION = 5.0;
				TARGETED_DEVICE_FAMILY = "1,2";
			};
			name = Debug;
		};
		BB96F16625EE7A4C00DBC364 /* Release */ = {
			isa = XCBuildConfiguration;
			baseConfigurationReference = 4FD9372E28006270E66E9AA5 /* Pods-OpenAPI.release.xcconfig */;
			buildSettings = {
				ASSETCATALOG_COMPILER_APPICON_NAME = AppIcon;
				ASSETCATALOG_COMPILER_GLOBAL_ACCENT_COLOR_NAME = AccentColor;
				CODE_SIGN_STYLE = Automatic;
				DEVELOPMENT_TEAM = UJW8376355;
				INFOPLIST_FILE = OpenAPI/Info.plist;
				LD_RUNPATH_SEARCH_PATHS = (
					"$(inherited)",
					"@executable_path/Frameworks",
				);
				PRODUCT_BUNDLE_IDENTIFIER = kr.stanford.personal.project.by.meng.OpenAPI;
				PRODUCT_NAME = "$(TARGET_NAME)";
				SWIFT_VERSION = 5.0;
				TARGETED_DEVICE_FAMILY = "1,2";
			};
			name = Release;
		};
/* End XCBuildConfiguration section */

/* Begin XCConfigurationList section */
		BB96F14B25EE7A4C00DBC364 /* Build configuration list for PBXProject "OpenAPI" */ = {
			isa = XCConfigurationList;
			buildConfigurations = (
				BB96F16225EE7A4C00DBC364 /* Debug */,
				BB96F16325EE7A4C00DBC364 /* Release */,
			);
			defaultConfigurationIsVisible = 0;
			defaultConfigurationName = Release;
		};
		BB96F16425EE7A4C00DBC364 /* Build configuration list for PBXNativeTarget "OpenAPI" */ = {
			isa = XCConfigurationList;
			buildConfigurations = (
				BB96F16525EE7A4C00DBC364 /* Debug */,
				BB96F16625EE7A4C00DBC364 /* Release */,
			);
			defaultConfigurationIsVisible = 0;
			defaultConfigurationName = Release;
		};
/* End XCConfigurationList section */
	};
	rootObject = BB96F14825EE7A4C00DBC364 /* Project object */;
}
